
Microsoft Visual Studio Solution File, Format Version 12.00
# Visual Studio Version 17
VisualStudioVersion = 17.1.32127.271
MinimumVisualStudioVersion = 10.0.40219.1
Project("{FAE04EC0-301F-11D3-BF4B-00C04F79EFBC}") = "PortBinder.Test", "PortBinder.Test\PortBinder.Test.csproj", "{02261EF1-D7F1-44BE-A643-3D3B9779DB09}"
EndProject
Project("{FAE04EC0-301F-11D3-BF4B-00C04F79EFBC}") = "PortBinder", "PortBinder\PortBinder.csproj", "{112C25A9-AA74-49CB-936B-525024400F2B}"
EndProject
Global
	GlobalSection(SolutionConfigurationPlatforms) = preSolution
		Debug|Any CPU = Debug|Any CPU
		Release|Any CPU = Release|Any CPU
	EndGlobalSection
	GlobalSection(ProjectConfigurationPlatforms) = postSolution
		{02261EF1-D7F1-44BE-A643-3D3B9779DB09}.Debug|Any CPU.ActiveCfg = Debug|Any CPU
		{02261EF1-D7F1-44BE-A643-3D3B9779DB09}.Debug|Any CPU.Build.0 = Debug|Any CPU
		{02261EF1-D7F1-44BE-A643-3D3B9779DB09}.Release|Any CPU.ActiveCfg = Release|Any CPU
		{02261EF1-D7F1-44BE-A643-3D3B9779DB09}.Release|Any CPU.Build.0 = Release|Any CPU
		{112C25A9-AA74-49CB-936B-525024400F2B}.Debug|Any CPU.ActiveCfg = Debug|Any CPU
		{112C25A9-AA74-49CB-936B-525024400F2B}.Debug|Any CPU.Build.0 = Debug|Any CPU
		{112C25A9-AA74-49CB-936B-525024400F2B}.Release|Any CPU.ActiveCfg = Release|Any CPU
		{112C25A9-AA74-49CB-936B-525024400F2B}.Release|Any CPU.Build.0 = Release|Any CPU
	EndGlobalSection
	GlobalSection(SolutionProperties) = preSolution
		HideSolutionNode = FALSE
	EndGlobalSection
	GlobalSection(ExtensibilityGlobals) = postSolution
		SolutionGuid = {02B3E856-7C49-4E67-88FE-A6D705277641}
	EndGlobalSection
EndGlobal
